
Microsoft Visual Studio Solution File, Format Version 12.00
# Visual Studio Version 17
VisualStudioVersion = 17.7.34024.191
MinimumVisualStudioVersion = 10.0.40219.1
Project("{FAE04EC0-301F-11D3-BF4B-00C04F79EFBC}") = "Calculation", "Calculation\Calculation.csproj", "{ACB133C5-8AFC-497D-BCE0-EC8B860D510F}"
EndProject
Global
	GlobalSection(SolutionConfigurationPlatforms) = preSolution
		Debug|Any CPU = Debug|Any CPU
		Release|Any CPU = Release|Any CPU
	EndGlobalSection
	GlobalSection(ProjectConfigurationPlatforms) = postSolution
		{ACB133C5-8AFC-497D-BCE0-EC8B860D510F}.Debug|Any CPU.ActiveCfg = Debug|Any CPU
		{ACB133C5-8AFC-497D-BCE0-EC8B860D510F}.Debug|Any CPU.Build.0 = Debug|Any CPU
		{ACB133C5-8AFC-497D-BCE0-EC8B860D510F}.Release|Any CPU.ActiveCfg = Release|Any CPU
		{ACB133C5-8AFC-497D-BCE0-EC8B860D510F}.Release|Any CPU.Build.0 = Release|Any CPU
	EndGlobalSection
	GlobalSection(SolutionProperties) = preSolution
		HideSolutionNode = FALSE
	EndGlobalSection
	GlobalSection(ExtensibilityGlobals) = postSolution
		SolutionGuid = {24A1A9BB-DE45-4272-9B13-FD3558258F6F}
	EndGlobalSection
EndGlobal
